
Microsoft Visual Studio Solution File, Format Version 12.00
# Visual Studio Version 16
VisualStudioVersion = 16.0.29613.14
MinimumVisualStudioVersion = 10.0.40219.1
Project("{FAE04EC0-301F-11D3-BF4B-00C04F79EFBC}") = "TestGit", "TestGit\TestGit.csproj", "{4E3BF1B4-B3C3-4D6A-95C5-412E77250ACD}"
EndProject
Global
	GlobalSection(SolutionConfigurationPlatforms) = preSolution
		Debug|Any CPU = Debug|Any CPU
		Release|Any CPU = Release|Any CPU
	EndGlobalSection
	GlobalSection(ProjectConfigurationPlatforms) = postSolution
		{4E3BF1B4-B3C3-4D6A-95C5-412E77250ACD}.Debug|Any CPU.ActiveCfg = Debug|Any CPU
		{4E3BF1B4-B3C3-4D6A-95C5-412E77250ACD}.Debug|Any CPU.Build.0 = Debug|Any CPU
		{4E3BF1B4-B3C3-4D6A-95C5-412E77250ACD}.Release|Any CPU.ActiveCfg = Release|Any CPU
		{4E3BF1B4-B3C3-4D6A-95C5-412E77250ACD}.Release|Any CPU.Build.0 = Release|Any CPU
	EndGlobalSection
	GlobalSection(SolutionProperties) = preSolution
		HideSolutionNode = FALSE
	EndGlobalSection
	GlobalSection(ExtensibilityGlobals) = postSolution
		SolutionGuid = {8F1DDA45-5933-4DC8-B4F7-E6D4F157C323}
	EndGlobalSection
EndGlobal
